{
  "lockfileVersion": 1,
  "dependencies": {
    "angular-aria": {
      "version": "1.6.5",
      "resolved": "https://registry.npmjs.org/angular-aria/-/angular-aria-1.6.5.tgz",
      "integrity": "sha1-N9nTU0nfV5NJaNx+FnnZfqlvhjw="
    },
    "angular-material": {
      "version": "https://registry.npmjs.org/angular-material/-/angular-material-1.1.1.tgz",
      "integrity": "sha1-7RLzlLpxqRidZkEVYk9nh6dDmvI="
    }
  }
}
